
Microsoft Visual Studio Solution File, Format Version 12.00
# Visual Studio Version 16
VisualStudioVersion = 16.0.29613.14
MinimumVisualStudioVersion = 10.0.40219.1
Project("{9A19103F-16F7-4668-BE54-9A1E7A4F7556}") = "FairFareWebsite", "FairFareWebsite\FairFareWebsite.csproj", "{1D978CE9-9C9C-4F70-B55F-21FAAF47EA89}"
EndProject
Project("{9A19103F-16F7-4668-BE54-9A1E7A4F7556}") = "FairFareML.Model", "FairFareML.Model\FairFareML.Model.csproj", "{3D4B75B6-0183-41C8-8612-A8D64389E2CF}"
EndProject
Project("{9A19103F-16F7-4668-BE54-9A1E7A4F7556}") = "FairFareML.ConsoleApp", "FairFareML.ConsoleApp\FairFareML.ConsoleApp.csproj", "{7EC59EB3-1672-478C-AC2A-0C4DCB082B26}"
EndProject
Global
	GlobalSection(SolutionConfigurationPlatforms) = preSolution
		Debug|Any CPU = Debug|Any CPU
		Release|Any CPU = Release|Any CPU
	EndGlobalSection
	GlobalSection(ProjectConfigurationPlatforms) = postSolution
		{1D978CE9-9C9C-4F70-B55F-21FAAF47EA89}.Debug|Any CPU.ActiveCfg = Debug|Any CPU
		{1D978CE9-9C9C-4F70-B55F-21FAAF47EA89}.Debug|Any CPU.Build.0 = Debug|Any CPU
		{1D978CE9-9C9C-4F70-B55F-21FAAF47EA89}.Release|Any CPU.ActiveCfg = Release|Any CPU
		{1D978CE9-9C9C-4F70-B55F-21FAAF47EA89}.Release|Any CPU.Build.0 = Release|Any CPU
		{3D4B75B6-0183-41C8-8612-A8D64389E2CF}.Debug|Any CPU.ActiveCfg = Debug|Any CPU
		{3D4B75B6-0183-41C8-8612-A8D64389E2CF}.Debug|Any CPU.Build.0 = Debug|Any CPU
		{3D4B75B6-0183-41C8-8612-A8D64389E2CF}.Release|Any CPU.ActiveCfg = Release|Any CPU
		{3D4B75B6-0183-41C8-8612-A8D64389E2CF}.Release|Any CPU.Build.0 = Release|Any CPU
		{7EC59EB3-1672-478C-AC2A-0C4DCB082B26}.Debug|Any CPU.ActiveCfg = Debug|Any CPU
		{7EC59EB3-1672-478C-AC2A-0C4DCB082B26}.Debug|Any CPU.Build.0 = Debug|Any CPU
		{7EC59EB3-1672-478C-AC2A-0C4DCB082B26}.Release|Any CPU.ActiveCfg = Release|Any CPU
		{7EC59EB3-1672-478C-AC2A-0C4DCB082B26}.Release|Any CPU.Build.0 = Release|Any CPU
	EndGlobalSection
	GlobalSection(SolutionProperties) = preSolution
		HideSolutionNode = FALSE
	EndGlobalSection
	GlobalSection(ExtensibilityGlobals) = postSolution
		SolutionGuid = {8AD634AD-85BC-4C29-B31E-366383057373}
	EndGlobalSection
EndGlobal
